
Microsoft Visual Studio Solution File, Format Version 12.00
# Visual Studio Version 17
VisualStudioVersion = 17.5.2.0
MinimumVisualStudioVersion = 10.0.40219.1
Project("{2150E333-8FDC-42A3-9474-1A3956D46DE8}") = "src", "src", "{827E0CD3-B72D-47B6-A68D-7590B98EB39B}"
EndProject
Project("{2150E333-8FDC-42A3-9474-1A3956D46DE8}") = "test", "test", "{0C88DD14-F956-CE84-757C-A364CCF449FC}"
EndProject
Project("{FAE04EC0-301F-11D3-BF4B-00C04F79EFBC}") = "AI4NGClassifierLambda", "src\AI4NGClassifierLambda\AI4NGClassifierLambda.csproj", "{098936AF-A6CE-B940-0F88-C6148C91E52F}"
EndProject
Project("{FAE04EC0-301F-11D3-BF4B-00C04F79EFBC}") = "AI4NGClassifierLambda.Tests", "test\AI4NGClassifierLambda.Tests\AI4NGClassifierLambda.Tests.csproj", "{A6D399B6-BA17-0635-F109-7A0678FFC08A}"
EndProject
Project("{2150E333-8FDC-42A3-9474-1A3956D46DE8}") = "tools", "tools", "{07C2787E-EAC7-C090-1BA3-A61EC2A24D84}"
EndProject
Project("{FAE04EC0-301F-11D3-BF4B-00C04F79EFBC}") = "DocsGenerator", "tools\DocsGenerator\DocsGenerator.csproj", "{EC2D31B0-1690-41B2-B73D-BB789265008E}"
EndProject
Global
	GlobalSection(SolutionConfigurationPlatforms) = preSolution
		Debug|Any CPU = Debug|Any CPU
		Debug|x64 = Debug|x64
		Debug|x86 = Debug|x86
		Release|Any CPU = Release|Any CPU
		Release|x64 = Release|x64
		Release|x86 = Release|x86
	EndGlobalSection
	GlobalSection(ProjectConfigurationPlatforms) = postSolution
		{098936AF-A6CE-B940-0F88-C6148C91E52F}.Debug|Any CPU.ActiveCfg = Debug|Any CPU
		{098936AF-A6CE-B940-0F88-C6148C91E52F}.Debug|Any CPU.Build.0 = Debug|Any CPU
		{098936AF-A6CE-B940-0F88-C6148C91E52F}.Debug|x64.ActiveCfg = Debug|Any CPU
		{098936AF-A6CE-B940-0F88-C6148C91E52F}.Debug|x64.Build.0 = Debug|Any CPU
		{098936AF-A6CE-B940-0F88-C6148C91E52F}.Debug|x86.ActiveCfg = Debug|Any CPU
		{098936AF-A6CE-B940-0F88-C6148C91E52F}.Debug|x86.Build.0 = Debug|Any CPU
		{098936AF-A6CE-B940-0F88-C6148C91E52F}.Release|Any CPU.ActiveCfg = Release|Any CPU
		{098936AF-A6CE-B940-0F88-C6148C91E52F}.Release|Any CPU.Build.0 = Release|Any CPU
		{098936AF-A6CE-B940-0F88-C6148C91E52F}.Release|x64.ActiveCfg = Release|Any CPU
		{098936AF-A6CE-B940-0F88-C6148C91E52F}.Release|x64.Build.0 = Release|Any CPU
		{098936AF-A6CE-B940-0F88-C6148C91E52F}.Release|x86.ActiveCfg = Release|Any CPU
		{098936AF-A6CE-B940-0F88-C6148C91E52F}.Release|x86.Build.0 = Release|Any CPU
		{A6D399B6-BA17-0635-F109-7A0678FFC08A}.Debug|Any CPU.ActiveCfg = Debug|Any CPU
		{A6D399B6-BA17-0635-F109-7A0678FFC08A}.Debug|Any CPU.Build.0 = Debug|Any CPU
		{A6D399B6-BA17-0635-F109-7A0678FFC08A}.Debug|x64.ActiveCfg = Debug|Any CPU
		{A6D399B6-BA17-0635-F109-7A0678FFC08A}.Debug|x64.Build.0 = Debug|Any CPU
		{A6D399B6-BA17-0635-F109-7A0678FFC08A}.Debug|x86.ActiveCfg = Debug|Any CPU
		{A6D399B6-BA17-0635-F109-7A0678FFC08A}.Debug|x86.Build.0 = Debug|Any CPU
		{A6D399B6-BA17-0635-F109-7A0678FFC08A}.Release|Any CPU.ActiveCfg = Release|Any CPU
		{A6D399B6-BA17-0635-F109-7A0678FFC08A}.Release|Any CPU.Build.0 = Release|Any CPU
		{A6D399B6-BA17-0635-F109-7A0678FFC08A}.Release|x64.ActiveCfg = Release|Any CPU
		{A6D399B6-BA17-0635-F109-7A0678FFC08A}.Release|x64.Build.0 = Release|Any CPU
		{A6D399B6-BA17-0635-F109-7A0678FFC08A}.Release|x86.ActiveCfg = Release|Any CPU
		{A6D399B6-BA17-0635-F109-7A0678FFC08A}.Release|x86.Build.0 = Release|Any CPU
		{EC2D31B0-1690-41B2-B73D-BB789265008E}.Debug|Any CPU.ActiveCfg = Debug|Any CPU
		{EC2D31B0-1690-41B2-B73D-BB789265008E}.Debug|Any CPU.Build.0 = Debug|Any CPU
		{EC2D31B0-1690-41B2-B73D-BB789265008E}.Debug|x64.ActiveCfg = Debug|Any CPU
		{EC2D31B0-1690-41B2-B73D-BB789265008E}.Debug|x64.Build.0 = Debug|Any CPU
		{EC2D31B0-1690-41B2-B73D-BB789265008E}.Debug|x86.ActiveCfg = Debug|Any CPU
		{EC2D31B0-1690-41B2-B73D-BB789265008E}.Debug|x86.Build.0 = Debug|Any CPU
		{EC2D31B0-1690-41B2-B73D-BB789265008E}.Release|Any CPU.ActiveCfg = Release|Any CPU
		{EC2D31B0-1690-41B2-B73D-BB789265008E}.Release|Any CPU.Build.0 = Release|Any CPU
		{EC2D31B0-1690-41B2-B73D-BB789265008E}.Release|x64.ActiveCfg = Release|Any CPU
		{EC2D31B0-1690-41B2-B73D-BB789265008E}.Release|x64.Build.0 = Release|Any CPU
		{EC2D31B0-1690-41B2-B73D-BB789265008E}.Release|x86.ActiveCfg = Release|Any CPU
		{EC2D31B0-1690-41B2-B73D-BB789265008E}.Release|x86.Build.0 = Release|Any CPU
	EndGlobalSection
	GlobalSection(SolutionProperties) = preSolution
		HideSolutionNode = FALSE
	EndGlobalSection
	GlobalSection(NestedProjects) = preSolution
		{098936AF-A6CE-B940-0F88-C6148C91E52F} = {827E0CD3-B72D-47B6-A68D-7590B98EB39B}
		{A6D399B6-BA17-0635-F109-7A0678FFC08A} = {0C88DD14-F956-CE84-757C-A364CCF449FC}
		{EC2D31B0-1690-41B2-B73D-BB789265008E} = {07C2787E-EAC7-C090-1BA3-A61EC2A24D84}
	EndGlobalSection
	GlobalSection(ExtensibilityGlobals) = postSolution
		SolutionGuid = {CFA9C436-1984-4881-B5EA-AEF8BF2FDEA1}
	EndGlobalSection
EndGlobal
